# This file was autogenerated by Stack.
# You should not edit this file by hand.
# For more information, please see the documentation at:
#   https://docs.haskellstack.org/en/stable/lock_files

packages:
- completed:
    subdir: effectful-core
    name: effectful-core
    version: '0.1'
    git: https://github.com/arybczak/effectful
    pantry-tree:
      size: 1519
      sha256: c8aac7a605723418a65a55d676644419736efe6aa80920bf23384d00fa7dcd54
    commit: 7527aa4440ea22fe4bf14e44fa25a291c23ec46a
  original:
    subdir: effectful-core
    git: https://github.com/arybczak/effectful
    commit: 7527aa4440ea22fe4bf14e44fa25a291c23ec46a
snapshots:
- completed:
    size: 587113
    url: https://raw.githubusercontent.com/commercialhaskell/stackage-snapshots/master/lts/18/6.yaml
    sha256: f74c482d7c93739ecf3abfbc0f2dea1c20a2dfb2462c689846ed55a9653b66f7
  original:
    url: https://raw.githubusercontent.com/commercialhaskell/stackage-snapshots/master/lts/18/6.yaml
